// !$*UTF8*$!
{
	archiveVersion = 1;
	classes = {
	};
	objectVersion = 56;
	objects = {

/* Begin PBXBuildFile section */
		DA6AE6DD292A697F00B13F3F /* Bot.swift in Sources */ = {isa = PBXBuildFile; fileRef = DA6AE6DC292A697F00B13F3F /* Bot.swift */; };
		DA6AE6EF292DE26300B13F3F /* DiscordKitBot in Frameworks */ = {isa = PBXBuildFile; productRef = DA6AE6EE292DE26300B13F3F /* DiscordKitBot */; };
		DA6AE6F5292E38BE00B13F3F /* Logging in Frameworks */ = {isa = PBXBuildFile; productRef = DA6AE6F4292E38BE00B13F3F /* Logging */; };
/* End PBXBuildFile section */

/* Begin PBXCopyFilesBuildPhase section */
		DA6AE6D7292A697F00B13F3F /* CopyFiles */ = {
			isa = PBXCopyFilesBuildPhase;
			buildActionMask = 2147483647;
			dstPath = /usr/share/man/man1/;
			dstSubfolderSpec = 0;
			files = (
			);
			runOnlyForDeploymentPostprocessing = 1;
		};
/* End PBXCopyFilesBuildPhase section */

/* Begin PBXFileReference section */
		DA6AE6D9292A697F00B13F3F /* DiscordKitDemo */ = {isa = PBXFileReference; explicitFileType = "compiled.mach-o.executable"; includeInIndex = 0; path = DiscordKitDemo; sourceTree = BUILT_PRODUCTS_DIR; };
		DA6AE6DC292A697F00B13F3F /* Bot.swift */ = {isa = PBXFileReference; lastKnownFileType = sourcecode.swift; path = Bot.swift; sourceTree = "<group>"; };
		DA6AE6F0292DE2E700B13F3F /* README.md */ = {isa = PBXFileReference; lastKnownFileType = net.daringfireball.markdown; path = README.md; sourceTree = "<group>"; };
		DA6AE6F1292DE3E200B13F3F /* SecretsConfig.xcconfig */ = {isa = PBXFileReference; lastKnownFileType = text.xcconfig; path = SecretsConfig.xcconfig; sourceTree = "<group>"; };
/* End PBXFileReference section */

/* Begin PBXFrameworksBuildPhase section */
		DA6AE6D6292A697F00B13F3F /* Frameworks */ = {
			isa = PBXFrameworksBuildPhase;
			buildActionMask = 2147483647;
			files = (
				DA6AE6F5292E38BE00B13F3F /* Logging in Frameworks */,
				DA6AE6EF292DE26300B13F3F /* DiscordKitBot in Frameworks */,
			);
			runOnlyForDeploymentPostprocessing = 0;
		};
/* End PBXFrameworksBuildPhase section */

/* Begin PBXGroup section */
		DA6AE6D0292A697F00B13F3F = {
			isa = PBXGroup;
			children = (
				DA6AE6F1292DE3E200B13F3F /* SecretsConfig.xcconfig */,
				DA6AE6F0292DE2E700B13F3F /* README.md */,
				DA6AE6DB292A697F00B13F3F /* DiscordKitDemo */,
				DA6AE6DA292A697F00B13F3F /* Products */,
				DA6AE6E7292C729800B13F3F /* Frameworks */,
			);
			sourceTree = "<group>";
		};
		DA6AE6DA292A697F00B13F3F /* Products */ = {
			isa = PBXGroup;
			children = (
				DA6AE6D9292A697F00B13F3F /* DiscordKitDemo */,
			);
			name = Products;
			sourceTree = "<group>";
		};
		DA6AE6DB292A697F00B13F3F /* DiscordKitDemo */ = {
			isa = PBXGroup;
			children = (
				DA6AE6DC292A697F00B13F3F /* Bot.swift */,
			);
			path = DiscordKitDemo;
			sourceTree = "<group>";
		};
		DA6AE6E7292C729800B13F3F /* Frameworks */ = {
			isa = PBXGroup;
			children = (
			);
			name = Frameworks;
			sourceTree = "<group>";
		};
/* End PBXGroup section */

/* Begin PBXNativeTarget section */
		DA6AE6D8292A697F00B13F3F /* DiscordKitDemo */ = {
			isa = PBXNativeTarget;
			buildConfigurationList = DA6AE6E0292A697F00B13F3F /* Build configuration list for PBXNativeTarget "DiscordKitDemo" */;
			buildPhases = (
				DA6AE6D5292A697F00B13F3F /* Sources */,
				DA6AE6D6292A697F00B13F3F /* Frameworks */,
				DA6AE6D7292A697F00B13F3F /* CopyFiles */,
				DA6AE6F6292F7D0800B13F3F /* ShellScript */,
			);
			buildRules = (
			);
			dependencies = (
			);
			name = DiscordKitDemo;
			packageProductDependencies = (
				DA6AE6EE292DE26300B13F3F /* DiscordKitBot */,
				DA6AE6F4292E38BE00B13F3F /* Logging */,
			);
			productName = DiscordKitDemo;
			productReference = DA6AE6D9292A697F00B13F3F /* DiscordKitDemo */;
			productType = "com.apple.product-type.tool";
		};
/* End PBXNativeTarget section */

/* Begin PBXProject section */
		DA6AE6D1292A697F00B13F3F /* Project object */ = {
			isa = PBXProject;
			attributes = {
				BuildIndependentTargetsInParallel = 1;
				LastSwiftUpdateCheck = 1410;
				LastUpgradeCheck = 1410;
				TargetAttributes = {
					DA6AE6D8292A697F00B13F3F = {
						CreatedOnToolsVersion = 14.1;
					};
				};
			};
			buildConfigurationList = DA6AE6D4292A697F00B13F3F /* Build configuration list for PBXProject "DiscordKitDemo" */;
			compatibilityVersion = "Xcode 14.0";
			developmentRegion = en;
			hasScannedForEncodings = 0;
			knownRegions = (
				en,
				Base,
			);
			mainGroup = DA6AE6D0292A697F00B13F3F;
			packageReferences = (
				DA6AE6ED292DE26300B13F3F /* XCRemoteSwiftPackageReference "DiscordKit" */,
				DA6AE6F3292E38BE00B13F3F /* XCRemoteSwiftPackageReference "swift-log" */,
			);
			productRefGroup = DA6AE6DA292A697F00B13F3F /* Products */;
			projectDirPath = "";
			projectRoot = "";
			targets = (
				DA6AE6D8292A697F00B13F3F /* DiscordKitDemo */,
			);
		};
/* End PBXProject section */

/* Begin PBXShellScriptBuildPhase section */
		DA6AE6F6292F7D0800B13F3F /* ShellScript */ = {
			isa = PBXShellScriptBuildPhase;
			alwaysOutOfDate = 1;
			buildActionMask = 2147483647;
			files = (
			);
			inputFileListPaths = (
			);
			inputPaths = (
				"$(SRCROOT)",
			);
			outputFileListPaths = (
			);
			outputPaths = (
			);
			runOnlyForDeploymentPostprocessing = 0;
			shellPath = /bin/sh;
			shellScript = "export PATH=\"$PATH:/opt/homebrew/bin\"\n\n#if which swiftlint > /dev/null; then\n  # swiftlint lint --config ../DiscordKit/.swiftlint.yml ../DiscordKit\n  \n#else\n#  echo \"warning: SwiftLint not installed, download from https://github.com/realm/SwiftLint\"\n#fi\n";
		};
/* End PBXShellScriptBuildPhase section */

/* Begin PBXSourcesBuildPhase section */
		DA6AE6D5292A697F00B13F3F /* Sources */ = {
			isa = PBXSourcesBuildPhase;
			buildActionMask = 2147483647;
			files = (
				DA6AE6DD292A697F00B13F3F /* Bot.swift in Sources */,
			);
			runOnlyForDeploymentPostprocessing = 0;
		};
/* End PBXSourcesBuildPhase section */

/* Begin XCBuildConfiguration section */
		DA6AE6DE292A697F00B13F3F /* Debug */ = {
			isa = XCBuildConfiguration;
			baseConfigurationReference = DA6AE6F1292DE3E200B13F3F /* SecretsConfig.xcconfig */;
			buildSettings = {
				ALWAYS_SEARCH_USER_PATHS = NO;
				CLANG_ANALYZER_NONNULL = YES;
				CLANG_ANALYZER_NUMBER_OBJECT_CONVERSION = YES_AGGRESSIVE;
				CLANG_CXX_LANGUAGE_STANDARD = "gnu++20";
				CLANG_ENABLE_MODULES = YES;
				CLANG_ENABLE_OBJC_ARC = YES;
				CLANG_ENABLE_OBJC_WEAK = YES;
				CLANG_WARN_BLOCK_CAPTURE_AUTORELEASING = YES;
				CLANG_WARN_BOOL_CONVERSION = YES;
				CLANG_WARN_COMMA = YES;
				CLANG_WARN_CONSTANT_CONVERSION = YES;
				CLANG_WARN_DEPRECATED_OBJC_IMPLEMENTATIONS = YES;
				CLANG_WARN_DIRECT_OBJC_ISA_USAGE = YES_ERROR;
				CLANG_WARN_DOCUMENTATION_COMMENTS = YES;
				CLANG_WARN_EMPTY_BODY = YES;
				CLANG_WARN_ENUM_CONVERSION = YES;
				CLANG_WARN_INFINITE_RECURSION = YES;
				CLANG_WARN_INT_CONVERSION = YES;
				CLANG_WARN_NON_LITERAL_NULL_CONVERSION = YES;
				CLANG_WARN_OBJC_IMPLICIT_RETAIN_SELF = YES;
				CLANG_WARN_OBJC_LITERAL_CONVERSION = YES;
				CLANG_WARN_OBJC_ROOT_CLASS = YES_ERROR;
				CLANG_WARN_QUOTED_INCLUDE_IN_FRAMEWORK_HEADER = YES;
				CLANG_WARN_RANGE_LOOP_ANALYSIS = YES;
				CLANG_WARN_STRICT_PROTOTYPES = YES;
				CLANG_WARN_SUSPICIOUS_MOVE = YES;
				CLANG_WARN_UNGUARDED_AVAILABILITY = YES_AGGRESSIVE;
				CLANG_WARN_UNREACHABLE_CODE = YES;
				CLANG_WARN__DUPLICATE_METHOD_MATCH = YES;
				COPY_PHASE_STRIP = NO;
				DEBUG_INFORMATION_FORMAT = dwarf;
				ENABLE_STRICT_OBJC_MSGSEND = YES;
				ENABLE_TESTABILITY = YES;
				GCC_C_LANGUAGE_STANDARD = gnu11;
				GCC_DYNAMIC_NO_PIC = NO;
				GCC_NO_COMMON_BLOCKS = YES;
				GCC_OPTIMIZATION_LEVEL = 0;
				GCC_PREPROCESSOR_DEFINITIONS = (
					"DEBUG=1",
					"$(inherited)",
				);
				GCC_WARN_64_TO_32_BIT_CONVERSION = YES;
				GCC_WARN_ABOUT_RETURN_TYPE = YES_ERROR;
				GCC_WARN_UNDECLARED_SELECTOR = YES;
				GCC_WARN_UNINITIALIZED_AUTOS = YES_AGGRESSIVE;
				GCC_WARN_UNUSED_FUNCTION = YES;
				GCC_WARN_UNUSED_VARIABLE = YES;
				MACOSX_DEPLOYMENT_TARGET = 13.0;
				MTL_ENABLE_DEBUG_INFO = INCLUDE_SOURCE;
				MTL_FAST_MATH = YES;
				ONLY_ACTIVE_ARCH = YES;
				SDKROOT = macosx;
				SWIFT_ACTIVE_COMPILATION_CONDITIONS = DEBUG;
				SWIFT_OPTIMIZATION_LEVEL = "-Onone";
			};
			name = Debug;
		};
		DA6AE6DF292A697F00B13F3F /* Release */ = {
			isa = XCBuildConfiguration;
			baseConfigurationReference = DA6AE6F1292DE3E200B13F3F /* SecretsConfig.xcconfig */;
			buildSettings = {
				ALWAYS_SEARCH_USER_PATHS = NO;
				CLANG_ANALYZER_NONNULL = YES;
				CLANG_ANALYZER_NUMBER_OBJECT_CONVERSION = YES_AGGRESSIVE;
				CLANG_CXX_LANGUAGE_STANDARD = "gnu++20";
				CLANG_ENABLE_MODULES = YES;
				CLANG_ENABLE_OBJC_ARC = YES;
				CLANG_ENABLE_OBJC_WEAK = YES;
				CLANG_WARN_BLOCK_CAPTURE_AUTORELEASING = YES;
				CLANG_WARN_BOOL_CONVERSION = YES;
				CLANG_WARN_COMMA = YES;
				CLANG_WARN_CONSTANT_CONVERSION = YES;
				CLANG_WARN_DEPRECATED_OBJC_IMPLEMENTATIONS = YES;
				CLANG_WARN_DIRECT_OBJC_ISA_USAGE = YES_ERROR;
				CLANG_WARN_DOCUMENTATION_COMMENTS = YES;
				CLANG_WARN_EMPTY_BODY = YES;
				CLANG_WARN_ENUM_CONVERSION = YES;
				CLANG_WARN_INFINITE_RECURSION = YES;
				CLANG_WARN_INT_CONVERSION = YES;
				CLANG_WARN_NON_LITERAL_NULL_CONVERSION = YES;
				CLANG_WARN_OBJC_IMPLICIT_RETAIN_SELF = YES;
				CLANG_WARN_OBJC_LITERAL_CONVERSION = YES;
				CLANG_WARN_OBJC_ROOT_CLASS = YES_ERROR;
				CLANG_WARN_QUOTED_INCLUDE_IN_FRAMEWORK_HEADER = YES;
				CLANG_WARN_RANGE_LOOP_ANALYSIS = YES;
				CLANG_WARN_STRICT_PROTOTYPES = YES;
				CLANG_WARN_SUSPICIOUS_MOVE = YES;
				CLANG_WARN_UNGUARDED_AVAILABILITY = YES_AGGRESSIVE;
				CLANG_WARN_UNREACHABLE_CODE = YES;
				CLANG_WARN__DUPLICATE_METHOD_MATCH = YES;
				COPY_PHASE_STRIP = NO;
				DEBUG_INFORMATION_FORMAT = "dwarf-with-dsym";
				ENABLE_NS_ASSERTIONS = NO;
				ENABLE_STRICT_OBJC_MSGSEND = YES;
				GCC_C_LANGUAGE_STANDARD = gnu11;
				GCC_NO_COMMON_BLOCKS = YES;
				GCC_WARN_64_TO_32_BIT_CONVERSION = YES;
				GCC_WARN_ABOUT_RETURN_TYPE = YES_ERROR;
				GCC_WARN_UNDECLARED_SELECTOR = YES;
				GCC_WARN_UNINITIALIZED_AUTOS = YES_AGGRESSIVE;
				GCC_WARN_UNUSED_FUNCTION = YES;
				GCC_WARN_UNUSED_VARIABLE = YES;
				MACOSX_DEPLOYMENT_TARGET = 13.0;
				MTL_ENABLE_DEBUG_INFO = NO;
				MTL_FAST_MATH = YES;
				SDKROOT = macosx;
				SWIFT_COMPILATION_MODE = wholemodule;
				SWIFT_OPTIMIZATION_LEVEL = "-O";
			};
			name = Release;
		};
		DA6AE6E1292A697F00B13F3F /* Debug */ = {
			isa = XCBuildConfiguration;
			buildSettings = {
				CODE_SIGN_STYLE = Automatic;
				DEVELOPMENT_TEAM = Q382QLKDG3;
				ENABLE_HARDENED_RUNTIME = YES;
				PRODUCT_NAME = "$(TARGET_NAME)";
				SWIFT_VERSION = 5.0;
			};
			name = Debug;
		};
		DA6AE6E2292A697F00B13F3F /* Release */ = {
			isa = XCBuildConfiguration;
			buildSettings = {
				CODE_SIGN_STYLE = Automatic;
				DEVELOPMENT_TEAM = Q382QLKDG3;
				ENABLE_HARDENED_RUNTIME = YES;
				PRODUCT_NAME = "$(TARGET_NAME)";
				SWIFT_VERSION = 5.0;
			};
			name = Release;
		};
/* End XCBuildConfiguration section */

/* Begin XCConfigurationList section */
		DA6AE6D4292A697F00B13F3F /* Build configuration list for PBXProject "DiscordKitDemo" */ = {
			isa = XCConfigurationList;
			buildConfigurations = (
				DA6AE6DE292A697F00B13F3F /* Debug */,
				DA6AE6DF292A697F00B13F3F /* Release */,
			);
			defaultConfigurationIsVisible = 0;
			defaultConfigurationName = Release;
		};
		DA6AE6E0292A697F00B13F3F /* Build configuration list for PBXNativeTarget "DiscordKitDemo" */ = {
			isa = XCConfigurationList;
			buildConfigurations = (
				DA6AE6E1292A697F00B13F3F /* Debug */,
				DA6AE6E2292A697F00B13F3F /* Release */,
			);
			defaultConfigurationIsVisible = 0;
			defaultConfigurationName = Release;
		};
/* End XCConfigurationList section */

/* Begin XCRemoteSwiftPackageReference section */
		DA6AE6ED292DE26300B13F3F /* XCRemoteSwiftPackageReference "DiscordKit" */ = {
			isa = XCRemoteSwiftPackageReference;
			repositoryURL = "https://github.com/SwiftcordApp/DiscordKit";
			requirement = {
				branch = "bot-support";
				kind = branch;
			};
		};
		DA6AE6F3292E38BE00B13F3F /* XCRemoteSwiftPackageReference "swift-log" */ = {
			isa = XCRemoteSwiftPackageReference;
			repositoryURL = "https://github.com/apple/swift-log.git";
			requirement = {
				kind = upToNextMajorVersion;
				minimumVersion = 1.0.0;
			};
		};
/* End XCRemoteSwiftPackageReference section */

/* Begin XCSwiftPackageProductDependency section */
		DA6AE6EE292DE26300B13F3F /* DiscordKitBot */ = {
			isa = XCSwiftPackageProductDependency;
			package = DA6AE6ED292DE26300B13F3F /* XCRemoteSwiftPackageReference "DiscordKit" */;
			productName = DiscordKitBot;
		};
		DA6AE6F4292E38BE00B13F3F /* Logging */ = {
			isa = XCSwiftPackageProductDependency;
			package = DA6AE6F3292E38BE00B13F3F /* XCRemoteSwiftPackageReference "swift-log" */;
			productName = Logging;
		};
/* End XCSwiftPackageProductDependency section */
	};
	rootObject = DA6AE6D1292A697F00B13F3F /* Project object */;
}
